
Microsoft Visual Studio Solution File, Format Version 12.00
# Visual Studio Version 16
VisualStudioVersion = 16.0.30804.86
MinimumVisualStudioVersion = 10.0.40219.1
Project("{FAE04EC0-301F-11D3-BF4B-00C04F79EFBC}") = "ArrayFill", "ArrayFill\ArrayFill.csproj", "{69ABC45E-B399-489F-A620-F87D870EA8EE}"
EndProject
Global
	GlobalSection(SolutionConfigurationPlatforms) = preSolution
		Debug|Any CPU = Debug|Any CPU
		Release|Any CPU = Release|Any CPU
	EndGlobalSection
	GlobalSection(ProjectConfigurationPlatforms) = postSolution
		{69ABC45E-B399-489F-A620-F87D870EA8EE}.Debug|Any CPU.ActiveCfg = Debug|Any CPU
		{69ABC45E-B399-489F-A620-F87D870EA8EE}.Debug|Any CPU.Build.0 = Debug|Any CPU
		{69ABC45E-B399-489F-A620-F87D870EA8EE}.Release|Any CPU.ActiveCfg = Release|Any CPU
		{69ABC45E-B399-489F-A620-F87D870EA8EE}.Release|Any CPU.Build.0 = Release|Any CPU
	EndGlobalSection
	GlobalSection(SolutionProperties) = preSolution
		HideSolutionNode = FALSE
	EndGlobalSection
	GlobalSection(ExtensibilityGlobals) = postSolution
		SolutionGuid = {C867403D-801D-45D0-82D3-741B08448109}
	EndGlobalSection
EndGlobal
